
Microsoft Visual Studio Solution File, Format Version 12.00
# Visual Studio Version 17
VisualStudioVersion = 17.2.32630.192
MinimumVisualStudioVersion = 10.0.40219.1
Project("{FAE04EC0-301F-11D3-BF4B-00C04F79EFBC}") = "Had-A-Trip", "Had-A-Trip\Had-A-Trip.csproj", "{67B5C057-FB65-4DEF-8A5D-7C484D4B8FFE}"
EndProject
Global
	GlobalSection(SolutionConfigurationPlatforms) = preSolution
		Debug|Any CPU = Debug|Any CPU
		Release|Any CPU = Release|Any CPU
	EndGlobalSection
	GlobalSection(ProjectConfigurationPlatforms) = postSolution
		{67B5C057-FB65-4DEF-8A5D-7C484D4B8FFE}.Debug|Any CPU.ActiveCfg = Debug|Any CPU
		{67B5C057-FB65-4DEF-8A5D-7C484D4B8FFE}.Debug|Any CPU.Build.0 = Debug|Any CPU
		{67B5C057-FB65-4DEF-8A5D-7C484D4B8FFE}.Release|Any CPU.ActiveCfg = Release|Any CPU
		{67B5C057-FB65-4DEF-8A5D-7C484D4B8FFE}.Release|Any CPU.Build.0 = Release|Any CPU
	EndGlobalSection
	GlobalSection(SolutionProperties) = preSolution
		HideSolutionNode = FALSE
	EndGlobalSection
	GlobalSection(ExtensibilityGlobals) = postSolution
		SolutionGuid = {6C934314-1744-430D-AF93-2909C5E6DC30}
	EndGlobalSection
EndGlobal
